
Microsoft Visual Studio Solution File, Format Version 12.00
# Visual Studio Version 16
VisualStudioVersion = 16.0.29920.165
MinimumVisualStudioVersion = 10.0.40219.1
Project("{FAE04EC0-301F-11D3-BF4B-00C04F79EFBC}") = "WebApplication5", "WebApplication5\WebApplication5.csproj", "{7D1BE43C-A362-4A02-B827-5BF9A0D9D7E9}"
EndProject
Global
	GlobalSection(SolutionConfigurationPlatforms) = preSolution
		Debug|Any CPU = Debug|Any CPU
		Release|Any CPU = Release|Any CPU
	EndGlobalSection
	GlobalSection(ProjectConfigurationPlatforms) = postSolution
		{7D1BE43C-A362-4A02-B827-5BF9A0D9D7E9}.Debug|Any CPU.ActiveCfg = Debug|Any CPU
		{7D1BE43C-A362-4A02-B827-5BF9A0D9D7E9}.Debug|Any CPU.Build.0 = Debug|Any CPU
		{7D1BE43C-A362-4A02-B827-5BF9A0D9D7E9}.Release|Any CPU.ActiveCfg = Release|Any CPU
		{7D1BE43C-A362-4A02-B827-5BF9A0D9D7E9}.Release|Any CPU.Build.0 = Release|Any CPU
	EndGlobalSection
	GlobalSection(SolutionProperties) = preSolution
		HideSolutionNode = FALSE
	EndGlobalSection
	GlobalSection(ExtensibilityGlobals) = postSolution
		SolutionGuid = {7A6C4CB3-3B16-4689-8191-34E05AB6527D}
	EndGlobalSection
EndGlobal
